
Microsoft Visual Studio Solution File, Format Version 12.00
# Visual Studio 15
VisualStudioVersion = 15.0.27130.2027
MinimumVisualStudioVersion = 10.0.40219.1
Project("{8BC9CEB8-8B4A-11D0-8D11-00A0C91BC942}") = "EppPracticePart2JazzMusicians", "EppPracticePart2JazzMusicians\EppPracticePart2JazzMusicians.vcxproj", "{0BEBC7D8-5282-4EE7-B645-61819D9AB033}"
EndProject
Global
	GlobalSection(SolutionConfigurationPlatforms) = preSolution
		Debug|x64 = Debug|x64
		Debug|x86 = Debug|x86
		Release|x64 = Release|x64
		Release|x86 = Release|x86
	EndGlobalSection
	GlobalSection(ProjectConfigurationPlatforms) = postSolution
		{0BEBC7D8-5282-4EE7-B645-61819D9AB033}.Debug|x64.ActiveCfg = Debug|x64
		{0BEBC7D8-5282-4EE7-B645-61819D9AB033}.Debug|x64.Build.0 = Debug|x64
		{0BEBC7D8-5282-4EE7-B645-61819D9AB033}.Debug|x86.ActiveCfg = Debug|Win32
		{0BEBC7D8-5282-4EE7-B645-61819D9AB033}.Debug|x86.Build.0 = Debug|Win32
		{0BEBC7D8-5282-4EE7-B645-61819D9AB033}.Release|x64.ActiveCfg = Release|x64
		{0BEBC7D8-5282-4EE7-B645-61819D9AB033}.Release|x64.Build.0 = Release|x64
		{0BEBC7D8-5282-4EE7-B645-61819D9AB033}.Release|x86.ActiveCfg = Release|Win32
		{0BEBC7D8-5282-4EE7-B645-61819D9AB033}.Release|x86.Build.0 = Release|Win32
	EndGlobalSection
	GlobalSection(SolutionProperties) = preSolution
		HideSolutionNode = FALSE
	EndGlobalSection
	GlobalSection(ExtensibilityGlobals) = postSolution
		SolutionGuid = {BBB031FC-8847-418A-8FA0-6B86CB394739}
	EndGlobalSection
EndGlobal
